// !$*UTF8*$!
{
	archiveVersion = 1;
	classes = {
	};
	objectVersion = 46;
	objects = {

/* Begin PBXBuildFile section */
		236C2D2A1D945AC0001C6C58 /* AppDelegate.swift in Sources */ = {isa = PBXBuildFile; fileRef = 236C2D291D945AC0001C6C58 /* AppDelegate.swift */; };
		236C2D2C1D945AC0001C6C58 /* ViewController.swift in Sources */ = {isa = PBXBuildFile; fileRef = 236C2D2B1D945AC0001C6C58 /* ViewController.swift */; };
		236C2D2F1D945AC0001C6C58 /* Main.storyboard in Resources */ = {isa = PBXBuildFile; fileRef = 236C2D2D1D945AC0001C6C58 /* Main.storyboard */; };
		236C2D321D945AC0001C6C58 /* CaptainsLog.xcdatamodeld in Sources */ = {isa = PBXBuildFile; fileRef = 236C2D301D945AC0001C6C58 /* CaptainsLog.xcdatamodeld */; };
		236C2D341D945AC0001C6C58 /* Assets.xcassets in Resources */ = {isa = PBXBuildFile; fileRef = 236C2D331D945AC0001C6C58 /* Assets.xcassets */; };
		236C2D371D945AC0001C6C58 /* LaunchScreen.storyboard in Resources */ = {isa = PBXBuildFile; fileRef = 236C2D351D945AC0001C6C58 /* LaunchScreen.storyboard */; };
/* End PBXBuildFile section */

/* Begin PBXFileReference section */
		236C2D261D945AC0001C6C58 /* CaptainsLog.app */ = {isa = PBXFileReference; explicitFileType = wrapper.application; includeInIndex = 0; path = CaptainsLog.app; sourceTree = BUILT_PRODUCTS_DIR; };
		236C2D291D945AC0001C6C58 /* AppDelegate.swift */ = {isa = PBXFileReference; lastKnownFileType = sourcecode.swift; path = AppDelegate.swift; sourceTree = "<group>"; };
		236C2D2B1D945AC0001C6C58 /* ViewController.swift */ = {isa = PBXFileReference; lastKnownFileType = sourcecode.swift; path = ViewController.swift; sourceTree = "<group>"; };
		236C2D2E1D945AC0001C6C58 /* Base */ = {isa = PBXFileReference; lastKnownFileType = file.storyboard; name = Base; path = Base.lproj/Main.storyboard; sourceTree = "<group>"; };
		236C2D311D945AC0001C6C58 /* CaptainsLog.xcdatamodel */ = {isa = PBXFileReference; lastKnownFileType = wrapper.xcdatamodel; path = CaptainsLog.xcdatamodel; sourceTree = "<group>"; };
		236C2D331D945AC0001C6C58 /* Assets.xcassets */ = {isa = PBXFileReference; lastKnownFileType = folder.assetcatalog; path = Assets.xcassets; sourceTree = "<group>"; };
		236C2D361D945AC0001C6C58 /* Base */ = {isa = PBXFileReference; lastKnownFileType = file.storyboard; name = Base; path = Base.lproj/LaunchScreen.storyboard; sourceTree = "<group>"; };
		236C2D381D945AC0001C6C58 /* Info.plist */ = {isa = PBXFileReference; lastKnownFileType = text.plist.xml; path = Info.plist; sourceTree = "<group>"; };
/* End PBXFileReference section */

/* Begin PBXFrameworksBuildPhase section */
		236C2D231D945AC0001C6C58 /* Frameworks */ = {
			isa = PBXFrameworksBuildPhase;
			buildActionMask = 2147483647;
			files = (
			);
			runOnlyForDeploymentPostprocessing = 0;
		};
/* End PBXFrameworksBuildPhase section */

/* Begin PBXGroup section */
		236C2D1D1D945AC0001C6C58 = {
			isa = PBXGroup;
			children = (
				236C2D281D945AC0001C6C58 /* CaptainsLog */,
				236C2D271D945AC0001C6C58 /* Products */,
			);
			sourceTree = "<group>";
		};
		236C2D271D945AC0001C6C58 /* Products */ = {
			isa = PBXGroup;
			children = (
				236C2D261D945AC0001C6C58 /* CaptainsLog.app */,
			);
			name = Products;
			sourceTree = "<group>";
		};
		236C2D281D945AC0001C6C58 /* CaptainsLog */ = {
			isa = PBXGroup;
			children = (
				236C2D291D945AC0001C6C58 /* AppDelegate.swift */,
				236C2D2B1D945AC0001C6C58 /* ViewController.swift */,
				236C2D2D1D945AC0001C6C58 /* Main.storyboard */,
				236C2D331D945AC0001C6C58 /* Assets.xcassets */,
				236C2D351D945AC0001C6C58 /* LaunchScreen.storyboard */,
				236C2D381D945AC0001C6C58 /* Info.plist */,
				236C2D301D945AC0001C6C58 /* CaptainsLog.xcdatamodeld */,
			);
			path = CaptainsLog;
			sourceTree = "<group>";
		};
/* End PBXGroup section */

/* Begin PBXNativeTarget section */
		236C2D251D945AC0001C6C58 /* CaptainsLog */ = {
			isa = PBXNativeTarget;
			buildConfigurationList = 236C2D3B1D945AC0001C6C58 /* Build configuration list for PBXNativeTarget "CaptainsLog" */;
			buildPhases = (
				236C2D221D945AC0001C6C58 /* Sources */,
				236C2D231D945AC0001C6C58 /* Frameworks */,
				236C2D241D945AC0001C6C58 /* Resources */,
			);
			buildRules = (
			);
			dependencies = (
			);
			name = CaptainsLog;
			productName = CaptainsLog;
			productReference = 236C2D261D945AC0001C6C58 /* CaptainsLog.app */;
			productType = "com.apple.product-type.application";
		};
/* End PBXNativeTarget section */

/* Begin PBXProject section */
		236C2D1E1D945AC0001C6C58 /* Project object */ = {
			isa = PBXProject;
			attributes = {
				LastSwiftUpdateCheck = 0800;
				LastUpgradeCheck = 0800;
				ORGANIZATIONNAME = macallanbrown;
				TargetAttributes = {
					236C2D251D945AC0001C6C58 = {
						CreatedOnToolsVersion = 8.0;
						DevelopmentTeam = YLPYKHP4S7;
						ProvisioningStyle = Automatic;
					};
				};
			};
			buildConfigurationList = 236C2D211D945AC0001C6C58 /* Build configuration list for PBXProject "CaptainsLog" */;
			compatibilityVersion = "Xcode 3.2";
			developmentRegion = English;
			hasScannedForEncodings = 0;
			knownRegions = (
				en,
				Base,
			);
			mainGroup = 236C2D1D1D945AC0001C6C58;
			productRefGroup = 236C2D271D945AC0001C6C58 /* Products */;
			projectDirPath = "";
			projectRoot = "";
			targets = (
				236C2D251D945AC0001C6C58 /* CaptainsLog */,
			);
		};
/* End PBXProject section */

/* Begin PBXResourcesBuildPhase section */
		236C2D241D945AC0001C6C58 /* Resources */ = {
			isa = PBXResourcesBuildPhase;
			buildActionMask = 2147483647;
			files = (
				236C2D371D945AC0001C6C58 /* LaunchScreen.storyboard in Resources */,
				236C2D341D945AC0001C6C58 /* Assets.xcassets in Resources */,
				236C2D2F1D945AC0001C6C58 /* Main.storyboard in Resources */,
			);
			runOnlyForDeploymentPostprocessing = 0;
		};
/* End PBXResourcesBuildPhase section */

/* Begin PBXSourcesBuildPhase section */
		236C2D221D945AC0001C6C58 /* Sources */ = {
			isa = PBXSourcesBuildPhase;
			buildActionMask = 2147483647;
			files = (
				236C2D2C1D945AC0001C6C58 /* ViewController.swift in Sources */,
				236C2D2A1D945AC0001C6C58 /* AppDelegate.swift in Sources */,
				236C2D321D945AC0001C6C58 /* CaptainsLog.xcdatamodeld in Sources */,
			);
			runOnlyForDeploymentPostprocessing = 0;
		};
/* End PBXSourcesBuildPhase section */

/* Begin PBXVariantGroup section */
		236C2D2D1D945AC0001C6C58 /* Main.storyboard */ = {
			isa = PBXVariantGroup;
			children = (
				236C2D2E1D945AC0001C6C58 /* Base */,
			);
			name = Main.storyboard;
			sourceTree = "<group>";
		};
		236C2D351D945AC0001C6C58 /* LaunchScreen.storyboard */ = {
			isa = PBXVariantGroup;
			children = (
				236C2D361D945AC0001C6C58 /* Base */,
			);
			name = LaunchScreen.storyboard;
			sourceTree = "<group>";
		};
/* End PBXVariantGroup section */

/* Begin XCBuildConfiguration section */
		236C2D391D945AC0001C6C58 /* Debug */ = {
			isa = XCBuildConfiguration;
			buildSettings = {
				ALWAYS_SEARCH_USER_PATHS = NO;
				CLANG_ANALYZER_NONNULL = YES;
				CLANG_CXX_LANGUAGE_STANDARD = "gnu++0x";
				CLANG_CXX_LIBRARY = "libc++";
				CLANG_ENABLE_MODULES = YES;
				CLANG_ENABLE_OBJC_ARC = YES;
				CLANG_WARN_BOOL_CONVERSION = YES;
				CLANG_WARN_CONSTANT_CONVERSION = YES;
				CLANG_WARN_DIRECT_OBJC_ISA_USAGE = YES_ERROR;
				CLANG_WARN_DOCUMENTATION_COMMENTS = YES;
				CLANG_WARN_EMPTY_BODY = YES;
				CLANG_WARN_ENUM_CONVERSION = YES;
				CLANG_WARN_INFINITE_RECURSION = YES;
				CLANG_WARN_INT_CONVERSION = YES;
				CLANG_WARN_OBJC_ROOT_CLASS = YES_ERROR;
				CLANG_WARN_SUSPICIOUS_MOVES = YES;
				CLANG_WARN_UNREACHABLE_CODE = YES;
				CLANG_WARN__DUPLICATE_METHOD_MATCH = YES;
				"CODE_SIGN_IDENTITY[sdk=iphoneos*]" = "iPhone Developer";
				COPY_PHASE_STRIP = NO;
				DEBUG_INFORMATION_FORMAT = dwarf;
				ENABLE_STRICT_OBJC_MSGSEND = YES;
				ENABLE_TESTABILITY = YES;
				GCC_C_LANGUAGE_STANDARD = gnu99;
				GCC_DYNAMIC_NO_PIC = NO;
				GCC_NO_COMMON_BLOCKS = YES;
				GCC_OPTIMIZATION_LEVEL = 0;
				GCC_PREPROCESSOR_DEFINITIONS = (
					"DEBUG=1",
					"$(inherited)",
				);
				GCC_WARN_64_TO_32_BIT_CONVERSION = YES;
				GCC_WARN_ABOUT_RETURN_TYPE = YES_ERROR;
				GCC_WARN_UNDECLARED_SELECTOR = YES;
				GCC_WARN_UNINITIALIZED_AUTOS = YES_AGGRESSIVE;
				GCC_WARN_UNUSED_FUNCTION = YES;
				GCC_WARN_UNUSED_VARIABLE = YES;
				IPHONEOS_DEPLOYMENT_TARGET = 10.0;
				MTL_ENABLE_DEBUG_INFO = YES;
				ONLY_ACTIVE_ARCH = YES;
				SDKROOT = iphoneos;
				SWIFT_ACTIVE_COMPILATION_CONDITIONS = DEBUG;
				SWIFT_OPTIMIZATION_LEVEL = "-Onone";
				TARGETED_DEVICE_FAMILY = "1,2";
			};
			name = Debug;
		};
		236C2D3A1D945AC0001C6C58 /* Release */ = {
			isa = XCBuildConfiguration;
			buildSettings = {
				ALWAYS_SEARCH_USER_PATHS = NO;
				CLANG_ANALYZER_NONNULL = YES;
				CLANG_CXX_LANGUAGE_STANDARD = "gnu++0x";
				CLANG_CXX_LIBRARY = "libc++";
				CLANG_ENABLE_MODULES = YES;
				CLANG_ENABLE_OBJC_ARC = YES;
				CLANG_WARN_BOOL_CONVERSION = YES;
				CLANG_WARN_CONSTANT_CONVERSION = YES;
				CLANG_WARN_DIRECT_OBJC_ISA_USAGE = YES_ERROR;
				CLANG_WARN_DOCUMENTATION_COMMENTS = YES;
				CLANG_WARN_EMPTY_BODY = YES;
				CLANG_WARN_ENUM_CONVERSION = YES;
				CLANG_WARN_INFINITE_RECURSION = YES;
				CLANG_WARN_INT_CONVERSION = YES;
				CLANG_WARN_OBJC_ROOT_CLASS = YES_ERROR;
				CLANG_WARN_SUSPICIOUS_MOVES = YES;
				CLANG_WARN_UNREACHABLE_CODE = YES;
				CLANG_WARN__DUPLICATE_METHOD_MATCH = YES;
				"CODE_SIGN_IDENTITY[sdk=iphoneos*]" = "iPhone Developer";
				COPY_PHASE_STRIP = NO;
				DEBUG_INFORMATION_FORMAT = "dwarf-with-dsym";
				ENABLE_NS_ASSERTIONS = NO;
				ENABLE_STRICT_OBJC_MSGSEND = YES;
				GCC_C_LANGUAGE_STANDARD = gnu99;
				GCC_NO_COMMON_BLOCKS = YES;
				GCC_WARN_64_TO_32_BIT_CONVERSION = YES;
				GCC_WARN_ABOUT_RETURN_TYPE = YES_ERROR;
				GCC_WARN_UNDECLARED_SELECTOR = YES;
				GCC_WARN_UNINITIALIZED_AUTOS = YES_AGGRESSIVE;
				GCC_WARN_UNUSED_FUNCTION = YES;
				GCC_WARN_UNUSED_VARIABLE = YES;
				IPHONEOS_DEPLOYMENT_TARGET = 10.0;
				MTL_ENABLE_DEBUG_INFO = NO;
				SDKROOT = iphoneos;
				SWIFT_OPTIMIZATION_LEVEL = "-Owholemodule";
				TARGETED_DEVICE_FAMILY = "1,2";
				VALIDATE_PRODUCT = YES;
			};
			name = Release;
		};
		236C2D3C1D945AC0001C6C58 /* Debug */ = {
			isa = XCBuildConfiguration;
			buildSettings = {
				ASSETCATALOG_COMPILER_APPICON_NAME = AppIcon;
				DEVELOPMENT_TEAM = YLPYKHP4S7;
				INFOPLIST_FILE = CaptainsLog/Info.plist;
				LD_RUNPATH_SEARCH_PATHS = "$(inherited) @executable_path/Frameworks";
				PRODUCT_BUNDLE_IDENTIFIER = com.macallanbrown.CaptainsLog;
				PRODUCT_NAME = "$(TARGET_NAME)";
				SWIFT_VERSION = 3.0;
			};
			name = Debug;
		};
		236C2D3D1D945AC0001C6C58 /* Release */ = {
			isa = XCBuildConfiguration;
			buildSettings = {
				ASSETCATALOG_COMPILER_APPICON_NAME = AppIcon;
				DEVELOPMENT_TEAM = YLPYKHP4S7;
				INFOPLIST_FILE = CaptainsLog/Info.plist;
				LD_RUNPATH_SEARCH_PATHS = "$(inherited) @executable_path/Frameworks";
				PRODUCT_BUNDLE_IDENTIFIER = com.macallanbrown.CaptainsLog;
				PRODUCT_NAME = "$(TARGET_NAME)";
				SWIFT_VERSION = 3.0;
			};
			name = Release;
		};
/* End XCBuildConfiguration section */

/* Begin XCConfigurationList section */
		236C2D211D945AC0001C6C58 /* Build configuration list for PBXProject "CaptainsLog" */ = {
			isa = XCConfigurationList;
			buildConfigurations = (
				236C2D391D945AC0001C6C58 /* Debug */,
				236C2D3A1D945AC0001C6C58 /* Release */,
			);
			defaultConfigurationIsVisible = 0;
			defaultConfigurationName = Release;
		};
		236C2D3B1D945AC0001C6C58 /* Build configuration list for PBXNativeTarget "CaptainsLog" */ = {
			isa = XCConfigurationList;
			buildConfigurations = (
				236C2D3C1D945AC0001C6C58 /* Debug */,
				236C2D3D1D945AC0001C6C58 /* Release */,
			);
			defaultConfigurationIsVisible = 0;
		};
/* End XCConfigurationList section */

/* Begin XCVersionGroup section */
		236C2D301D945AC0001C6C58 /* CaptainsLog.xcdatamodeld */ = {
			isa = XCVersionGroup;
			children = (
				236C2D311D945AC0001C6C58 /* CaptainsLog.xcdatamodel */,
			);
			currentVersion = 236C2D311D945AC0001C6C58 /* CaptainsLog.xcdatamodel */;
			path = CaptainsLog.xcdatamodeld;
			sourceTree = "<group>";
			versionGroupType = wrapper.xcdatamodel;
		};
/* End XCVersionGroup section */
	};
	rootObject = 236C2D1E1D945AC0001C6C58 /* Project object */;
}
